
Microsoft Visual Studio Solution File, Format Version 12.00
# Visual Studio 2012
Project("{2150E333-8FDC-42A3-9474-1A3956D46DE8}") = "test", "test", "{AAEE5485-10AA-436B-9C45-951C970F39D6}"
EndProject
Project("{2150E333-8FDC-42A3-9474-1A3956D46DE8}") = "app", "app", "{5D5BE303-0BFE-4753-9513-306C2FF47B05}"
EndProject
Project("{2150E333-8FDC-42A3-9474-1A3956D46DE8}") = "build", "build", "{59769458-AB6D-429D-B106-9CDFEE7B9383}"
	ProjectSection(SolutionItems) = preProject
		build\Portal.build = build\Portal.build
	EndProjectSection
EndProject
Project("{FAE04EC0-301F-11D3-BF4B-00C04F79EFBC}") = "Chaos.Portal", "src\app\Chaos.Portal\Chaos.Portal.csproj", "{9D3A1974-1D8A-4A6E-96AD-3D4B211BF475}"
EndProject
Project("{FAE04EC0-301F-11D3-BF4B-00C04F79EFBC}") = "Chaos.Portal.Test", "src\test\Chaos.Portal.Test\Chaos.Portal.Test.csproj", "{2A21B916-3D65-466F-97F2-A6DD684B8C30}"
EndProject
Project("{FAE04EC0-301F-11D3-BF4B-00C04F79EFBC}") = "Chaos.Portal.IntegrationTest", "src\test\Chaos.Portal.IntegrationTest\Chaos.Portal.IntegrationTest.csproj", "{925E226A-6DE4-4F78-87F3-31C584FD54CF}"
EndProject
Project("{2150E333-8FDC-42A3-9474-1A3956D46DE8}") = "sql", "sql", "{3F0A42E2-DAD0-4518-A76F-A7D3B7CA9D5E}"
EndProject
Project("{2150E333-8FDC-42A3-9474-1A3956D46DE8}") = "6.data", "6.data", "{85C2A4E7-9E94-42C4-8884-B795517F0C26}"
	ProjectSection(SolutionItems) = preProject
		sql\6.data\chaos_media_setup.sql = sql\6.data\chaos_media_setup.sql
		sql\6.data\initial.sql = sql\6.data\initial.sql
	EndProjectSection
EndProject
Global
	GlobalSection(SolutionConfigurationPlatforms) = preSolution
		Custom|Any CPU = Custom|Any CPU
		Custom|Mixed Platforms = Custom|Mixed Platforms
		Custom|x86 = Custom|x86
		Debug|Any CPU = Debug|Any CPU
		Debug|Mixed Platforms = Debug|Mixed Platforms
		Debug|x86 = Debug|x86
		Release|Any CPU = Release|Any CPU
		Release|Mixed Platforms = Release|Mixed Platforms
		Release|x86 = Release|x86
	EndGlobalSection
	GlobalSection(ProjectConfigurationPlatforms) = postSolution
		{9D3A1974-1D8A-4A6E-96AD-3D4B211BF475}.Custom|Any CPU.ActiveCfg = Release|Any CPU
		{9D3A1974-1D8A-4A6E-96AD-3D4B211BF475}.Custom|Any CPU.Build.0 = Release|Any CPU
		{9D3A1974-1D8A-4A6E-96AD-3D4B211BF475}.Custom|Mixed Platforms.ActiveCfg = Release|Any CPU
		{9D3A1974-1D8A-4A6E-96AD-3D4B211BF475}.Custom|Mixed Platforms.Build.0 = Release|Any CPU
		{9D3A1974-1D8A-4A6E-96AD-3D4B211BF475}.Custom|x86.ActiveCfg = Release|Any CPU
		{9D3A1974-1D8A-4A6E-96AD-3D4B211BF475}.Debug|Any CPU.ActiveCfg = Debug|Any CPU
		{9D3A1974-1D8A-4A6E-96AD-3D4B211BF475}.Debug|Any CPU.Build.0 = Debug|Any CPU
		{9D3A1974-1D8A-4A6E-96AD-3D4B211BF475}.Debug|Mixed Platforms.ActiveCfg = Debug|Any CPU
		{9D3A1974-1D8A-4A6E-96AD-3D4B211BF475}.Debug|Mixed Platforms.Build.0 = Debug|Any CPU
		{9D3A1974-1D8A-4A6E-96AD-3D4B211BF475}.Debug|x86.ActiveCfg = Debug|Any CPU
		{9D3A1974-1D8A-4A6E-96AD-3D4B211BF475}.Release|Any CPU.ActiveCfg = Release|Any CPU
		{9D3A1974-1D8A-4A6E-96AD-3D4B211BF475}.Release|Any CPU.Build.0 = Release|Any CPU
		{9D3A1974-1D8A-4A6E-96AD-3D4B211BF475}.Release|Mixed Platforms.ActiveCfg = Release|Any CPU
		{9D3A1974-1D8A-4A6E-96AD-3D4B211BF475}.Release|Mixed Platforms.Build.0 = Release|Any CPU
		{9D3A1974-1D8A-4A6E-96AD-3D4B211BF475}.Release|x86.ActiveCfg = Release|Any CPU
		{2A21B916-3D65-466F-97F2-A6DD684B8C30}.Custom|Any CPU.ActiveCfg = Release|Any CPU
		{2A21B916-3D65-466F-97F2-A6DD684B8C30}.Custom|Any CPU.Build.0 = Release|Any CPU
		{2A21B916-3D65-466F-97F2-A6DD684B8C30}.Custom|Mixed Platforms.ActiveCfg = Release|Any CPU
		{2A21B916-3D65-466F-97F2-A6DD684B8C30}.Custom|Mixed Platforms.Build.0 = Release|Any CPU
		{2A21B916-3D65-466F-97F2-A6DD684B8C30}.Custom|x86.ActiveCfg = Release|Any CPU
		{2A21B916-3D65-466F-97F2-A6DD684B8C30}.Debug|Any CPU.ActiveCfg = Debug|Any CPU
		{2A21B916-3D65-466F-97F2-A6DD684B8C30}.Debug|Any CPU.Build.0 = Debug|Any CPU
		{2A21B916-3D65-466F-97F2-A6DD684B8C30}.Debug|Mixed Platforms.ActiveCfg = Debug|Any CPU
		{2A21B916-3D65-466F-97F2-A6DD684B8C30}.Debug|Mixed Platforms.Build.0 = Debug|Any CPU
		{2A21B916-3D65-466F-97F2-A6DD684B8C30}.Debug|x86.ActiveCfg = Debug|Any CPU
		{2A21B916-3D65-466F-97F2-A6DD684B8C30}.Release|Any CPU.ActiveCfg = Release|Any CPU
		{2A21B916-3D65-466F-97F2-A6DD684B8C30}.Release|Any CPU.Build.0 = Release|Any CPU
		{2A21B916-3D65-466F-97F2-A6DD684B8C30}.Release|Mixed Platforms.ActiveCfg = Release|Any CPU
		{2A21B916-3D65-466F-97F2-A6DD684B8C30}.Release|Mixed Platforms.Build.0 = Release|Any CPU
		{2A21B916-3D65-466F-97F2-A6DD684B8C30}.Release|x86.ActiveCfg = Release|Any CPU
		{925E226A-6DE4-4F78-87F3-31C584FD54CF}.Custom|Any CPU.ActiveCfg = Release|Any CPU
		{925E226A-6DE4-4F78-87F3-31C584FD54CF}.Custom|Any CPU.Build.0 = Release|Any CPU
		{925E226A-6DE4-4F78-87F3-31C584FD54CF}.Custom|Mixed Platforms.ActiveCfg = Release|Any CPU
		{925E226A-6DE4-4F78-87F3-31C584FD54CF}.Custom|Mixed Platforms.Build.0 = Release|Any CPU
		{925E226A-6DE4-4F78-87F3-31C584FD54CF}.Custom|x86.ActiveCfg = Release|Any CPU
		{925E226A-6DE4-4F78-87F3-31C584FD54CF}.Debug|Any CPU.ActiveCfg = Debug|Any CPU
		{925E226A-6DE4-4F78-87F3-31C584FD54CF}.Debug|Any CPU.Build.0 = Debug|Any CPU
		{925E226A-6DE4-4F78-87F3-31C584FD54CF}.Debug|Mixed Platforms.ActiveCfg = Debug|Any CPU
		{925E226A-6DE4-4F78-87F3-31C584FD54CF}.Debug|Mixed Platforms.Build.0 = Debug|Any CPU
		{925E226A-6DE4-4F78-87F3-31C584FD54CF}.Debug|x86.ActiveCfg = Debug|Any CPU
		{925E226A-6DE4-4F78-87F3-31C584FD54CF}.Release|Any CPU.ActiveCfg = Release|Any CPU
		{925E226A-6DE4-4F78-87F3-31C584FD54CF}.Release|Any CPU.Build.0 = Release|Any CPU
		{925E226A-6DE4-4F78-87F3-31C584FD54CF}.Release|Mixed Platforms.ActiveCfg = Release|Any CPU
		{925E226A-6DE4-4F78-87F3-31C584FD54CF}.Release|Mixed Platforms.Build.0 = Release|Any CPU
		{925E226A-6DE4-4F78-87F3-31C584FD54CF}.Release|x86.ActiveCfg = Release|Any CPU
	EndGlobalSection
	GlobalSection(SolutionProperties) = preSolution
		HideSolutionNode = FALSE
	EndGlobalSection
	GlobalSection(NestedProjects) = preSolution
		{2A21B916-3D65-466F-97F2-A6DD684B8C30} = {AAEE5485-10AA-436B-9C45-951C970F39D6}
		{925E226A-6DE4-4F78-87F3-31C584FD54CF} = {AAEE5485-10AA-436B-9C45-951C970F39D6}
		{9D3A1974-1D8A-4A6E-96AD-3D4B211BF475} = {5D5BE303-0BFE-4753-9513-306C2FF47B05}
		{85C2A4E7-9E94-42C4-8884-B795517F0C26} = {3F0A42E2-DAD0-4518-A76F-A7D3B7CA9D5E}
	EndGlobalSection
EndGlobal
